
Microsoft Visual Studio Solution File, Format Version 12.00
# Visual Studio Version 17
VisualStudioVersion = 17.14.36511.14 d17.14
MinimumVisualStudioVersion = 10.0.40219.1
Project("{FAE04EC0-301F-11D3-BF4B-00C04F79EFBC}") = "MediaTek86 V2", "MediaTek86 V2\MediaTek86 V2.csproj", "{D7E93817-0177-418C-B60B-B2160E80EF27}"
EndProject
Global
	GlobalSection(SolutionConfigurationPlatforms) = preSolution
		Debug|Any CPU = Debug|Any CPU
		Release|Any CPU = Release|Any CPU
	EndGlobalSection
	GlobalSection(ProjectConfigurationPlatforms) = postSolution
		{D7E93817-0177-418C-B60B-B2160E80EF27}.Debug|Any CPU.ActiveCfg = Debug|Any CPU
		{D7E93817-0177-418C-B60B-B2160E80EF27}.Debug|Any CPU.Build.0 = Debug|Any CPU
		{D7E93817-0177-418C-B60B-B2160E80EF27}.Release|Any CPU.ActiveCfg = Release|Any CPU
		{D7E93817-0177-418C-B60B-B2160E80EF27}.Release|Any CPU.Build.0 = Release|Any CPU
	EndGlobalSection
	GlobalSection(SolutionProperties) = preSolution
		HideSolutionNode = FALSE
	EndGlobalSection
	GlobalSection(ExtensibilityGlobals) = postSolution
		SolutionGuid = {AA41A41E-CA91-44A2-BC54-4EF9B32414CD}
	EndGlobalSection
EndGlobal
